
Microsoft Visual Studio Solution File, Format Version 12.00
# Visual Studio Version 16
VisualStudioVersion = 16.0.30907.101
MinimumVisualStudioVersion = 10.0.40219.1
Project("{FAE04EC0-301F-11D3-BF4B-00C04F79EFBC}") = "Perfect Numbers", "Perfect Numbers\Perfect Numbers.csproj", "{1DA0FD6C-6297-49BD-A1F9-51E525B702A3}"
EndProject
Global
	GlobalSection(SolutionConfigurationPlatforms) = preSolution
		Debug|Any CPU = Debug|Any CPU
		Release|Any CPU = Release|Any CPU
	EndGlobalSection
	GlobalSection(ProjectConfigurationPlatforms) = postSolution
		{1DA0FD6C-6297-49BD-A1F9-51E525B702A3}.Debug|Any CPU.ActiveCfg = Debug|Any CPU
		{1DA0FD6C-6297-49BD-A1F9-51E525B702A3}.Debug|Any CPU.Build.0 = Debug|Any CPU
		{1DA0FD6C-6297-49BD-A1F9-51E525B702A3}.Release|Any CPU.ActiveCfg = Release|Any CPU
		{1DA0FD6C-6297-49BD-A1F9-51E525B702A3}.Release|Any CPU.Build.0 = Release|Any CPU
	EndGlobalSection
	GlobalSection(SolutionProperties) = preSolution
		HideSolutionNode = FALSE
	EndGlobalSection
	GlobalSection(ExtensibilityGlobals) = postSolution
		SolutionGuid = {B0DD2418-3BFF-4A6F-9FE7-808359F846D1}
	EndGlobalSection
EndGlobal
